<?xml version="1.0" encoding="utf-8"?>
<Project ToolsVersion="4.0" xmlns="http://schemas.microsoft.com/developer/msbuild/2003">
  <ItemGroup>
    <Filter Include="Utils">
      <UniqueIdentifier>{2ac356e7-ee68-4a80-80ec-b91020acf498}</UniqueIdentifier>
    </Filter>
    <Filter Include="Main">
      <UniqueIdentifier>{4308fe3c-5bc7-4c4e-a842-e0a78a511dc9}</UniqueIdentifier>
    </Filter>
    <Filter Include="Network">
      <UniqueIdentifier>{0fccfbb5-01a4-4c92-93b5-fc57fc11aee5}</UniqueIdentifier>
    </Filter>
    <Filter Include="Contents">
      <UniqueIdentifier>{78a9f650-8acf-4995-bce7-2af104747406}</UniqueIdentifier>
    </Filter>
    <Filter Include="Protocol">
      <UniqueIdentifier>{44df8bb1-aca8-4a76-b74a-da53cbf6b908}</UniqueIdentifier>
    </Filter>
  </ItemGroup>
  <ItemGroup>
    <ClCompile Include="BigeumTalkServer.cpp">
      <Filter>Main</Filter>
    </ClCompile>
    <ClCompile Include="Service.cpp">
      <Filter>Network</Filter>
    </ClCompile>
    <ClCompile Include="Iocp.cpp">
      <Filter>Network</Filter>
    </ClCompile>
    <ClCompile Include="Listener.cpp">
      <Filter>Network</Filter>
    </ClCompile>
    <ClCompile Include="Session.cpp">
      <Filter>Network</Filter>
    </ClCompile>
    <ClCompile Include="SocketUtils.cpp">
      <Filter>Utils</Filter>
    </ClCompile>
    <ClCompile Include="pch.cpp">
      <Filter>Utils</Filter>
    </ClCompile>
    <ClCompile Include="RecvBuffer.cpp">
      <Filter>Network</Filter>
    </ClCompile>
    <ClCompile Include="User.cpp">
      <Filter>Contents</Filter>
    </ClCompile>
    <ClCompile Include="Room.cpp">
      <Filter>Contents</Filter>
    </ClCompile>
    <ClCompile Include="PacketHandler.cpp">
      <Filter>Main</Filter>
    </ClCompile>
    <ClCompile Include="SendBuffer.cpp">
      <Filter>Network</Filter>
    </ClCompile>
    <ClCompile Include="Global.cpp">
      <Filter>Utils</Filter>
    </ClCompile>
    <ClCompile Include="Protocol.pb.cc">
      <Filter>Protocol</Filter>
    </ClCompile>
  </ItemGroup>
  <ItemGroup>
    <ClInclude Include="Service.h">
      <Filter>Network</Filter>
    </ClInclude>
    <ClInclude Include="Iocp.h">
      <Filter>Network</Filter>
    </ClInclude>
    <ClInclude Include="Listener.h">
      <Filter>Network</Filter>
    </ClInclude>
    <ClInclude Include="Session.h">
      <Filter>Network</Filter>
    </ClInclude>
    <ClInclude Include="SocketUtils.h">
      <Filter>Utils</Filter>
    </ClInclude>
    <ClInclude Include="pch.h">
      <Filter>Utils</Filter>
    </ClInclude>
    <ClInclude Include="RecvBuffer.h">
      <Filter>Network</Filter>
    </ClInclude>
    <ClInclude Include="User.h">
      <Filter>Contents</Filter>
    </ClInclude>
    <ClInclude Include="Room.h">
      <Filter>Contents</Filter>
    </ClInclude>
    <ClInclude Include="PacketHandler.h">
      <Filter>Main</Filter>
    </ClInclude>
    <ClInclude Include="SendBuffer.h">
      <Filter>Network</Filter>
    </ClInclude>
    <ClInclude Include="Global.h">
      <Filter>Utils</Filter>
    </ClInclude>
    <ClInclude Include="Protocol.pb.h">
      <Filter>Protocol</Filter>
    </ClInclude>
  </ItemGroup>
  <ItemGroup>
    <None Include="..\Protobuf\Protocol.proto">
      <Filter>Protocol</Filter>
    </None>
    <None Include="..\Protobuf\GenProtocol.bat">
      <Filter>Protocol</Filter>
    </None>
  </ItemGroup>
</Project>